
Microsoft Visual Studio Solution File, Format Version 12.00
# Visual Studio Version 17
VisualStudioVersion = 17.0.32112.339
MinimumVisualStudioVersion = 10.0.40219.1
Project("{9A19103F-16F7-4668-BE54-9A1E7A4F7556}") = "HVKClassLibary", "HVKLibary\HVKClassLibary.csproj", "{61E9C686-19DA-465A-B0EE-883ACBBB6C8B}"
EndProject
Project("{9A19103F-16F7-4668-BE54-9A1E7A4F7556}") = "HVKDesktopUI", "HVKDesktopUI\HVKDesktopUI.csproj", "{613257A0-A076-4E96-A7FF-4F7FAB2B972F}"
EndProject
Global
	GlobalSection(SolutionConfigurationPlatforms) = preSolution
		Debug|Any CPU = Debug|Any CPU
		Debug|ARM = Debug|ARM
		Debug|ARM64 = Debug|ARM64
		Debug|x64 = Debug|x64
		Debug|x86 = Debug|x86
		Release|Any CPU = Release|Any CPU
		Release|ARM = Release|ARM
		Release|ARM64 = Release|ARM64
		Release|x64 = Release|x64
		Release|x86 = Release|x86
	EndGlobalSection
	GlobalSection(ProjectConfigurationPlatforms) = postSolution
		{61E9C686-19DA-465A-B0EE-883ACBBB6C8B}.Debug|Any CPU.ActiveCfg = Debug|Any CPU
		{61E9C686-19DA-465A-B0EE-883ACBBB6C8B}.Debug|Any CPU.Build.0 = Debug|Any CPU
		{61E9C686-19DA-465A-B0EE-883ACBBB6C8B}.Debug|ARM.ActiveCfg = Debug|Any CPU
		{61E9C686-19DA-465A-B0EE-883ACBBB6C8B}.Debug|ARM.Build.0 = Debug|Any CPU
		{61E9C686-19DA-465A-B0EE-883ACBBB6C8B}.Debug|ARM64.ActiveCfg = Debug|Any CPU
		{61E9C686-19DA-465A-B0EE-883ACBBB6C8B}.Debug|ARM64.Build.0 = Debug|Any CPU
		{61E9C686-19DA-465A-B0EE-883ACBBB6C8B}.Debug|x64.ActiveCfg = Debug|Any CPU
		{61E9C686-19DA-465A-B0EE-883ACBBB6C8B}.Debug|x64.Build.0 = Debug|Any CPU
		{61E9C686-19DA-465A-B0EE-883ACBBB6C8B}.Debug|x86.ActiveCfg = Debug|Any CPU
		{61E9C686-19DA-465A-B0EE-883ACBBB6C8B}.Debug|x86.Build.0 = Debug|Any CPU
		{61E9C686-19DA-465A-B0EE-883ACBBB6C8B}.Release|Any CPU.ActiveCfg = Release|Any CPU
		{61E9C686-19DA-465A-B0EE-883ACBBB6C8B}.Release|Any CPU.Build.0 = Release|Any CPU
		{61E9C686-19DA-465A-B0EE-883ACBBB6C8B}.Release|ARM.ActiveCfg = Release|Any CPU
		{61E9C686-19DA-465A-B0EE-883ACBBB6C8B}.Release|ARM.Build.0 = Release|Any CPU
		{61E9C686-19DA-465A-B0EE-883ACBBB6C8B}.Release|ARM64.ActiveCfg = Release|Any CPU
		{61E9C686-19DA-465A-B0EE-883ACBBB6C8B}.Release|ARM64.Build.0 = Release|Any CPU
		{61E9C686-19DA-465A-B0EE-883ACBBB6C8B}.Release|x64.ActiveCfg = Release|x64
		{61E9C686-19DA-465A-B0EE-883ACBBB6C8B}.Release|x64.Build.0 = Release|x64
		{61E9C686-19DA-465A-B0EE-883ACBBB6C8B}.Release|x86.ActiveCfg = Release|x86
		{61E9C686-19DA-465A-B0EE-883ACBBB6C8B}.Release|x86.Build.0 = Release|x86
		{613257A0-A076-4E96-A7FF-4F7FAB2B972F}.Debug|Any CPU.ActiveCfg = Debug|Any CPU
		{613257A0-A076-4E96-A7FF-4F7FAB2B972F}.Debug|Any CPU.Build.0 = Debug|Any CPU
		{613257A0-A076-4E96-A7FF-4F7FAB2B972F}.Debug|ARM.ActiveCfg = Debug|Any CPU
		{613257A0-A076-4E96-A7FF-4F7FAB2B972F}.Debug|ARM.Build.0 = Debug|Any CPU
		{613257A0-A076-4E96-A7FF-4F7FAB2B972F}.Debug|ARM64.ActiveCfg = Debug|Any CPU
		{613257A0-A076-4E96-A7FF-4F7FAB2B972F}.Debug|ARM64.Build.0 = Debug|Any CPU
		{613257A0-A076-4E96-A7FF-4F7FAB2B972F}.Debug|x64.ActiveCfg = Debug|Any CPU
		{613257A0-A076-4E96-A7FF-4F7FAB2B972F}.Debug|x64.Build.0 = Debug|Any CPU
		{613257A0-A076-4E96-A7FF-4F7FAB2B972F}.Debug|x86.ActiveCfg = Debug|Any CPU
		{613257A0-A076-4E96-A7FF-4F7FAB2B972F}.Debug|x86.Build.0 = Debug|Any CPU
		{613257A0-A076-4E96-A7FF-4F7FAB2B972F}.Release|Any CPU.ActiveCfg = Release|Any CPU
		{613257A0-A076-4E96-A7FF-4F7FAB2B972F}.Release|Any CPU.Build.0 = Release|Any CPU
		{613257A0-A076-4E96-A7FF-4F7FAB2B972F}.Release|ARM.ActiveCfg = Release|Any CPU
		{613257A0-A076-4E96-A7FF-4F7FAB2B972F}.Release|ARM.Build.0 = Release|Any CPU
		{613257A0-A076-4E96-A7FF-4F7FAB2B972F}.Release|ARM64.ActiveCfg = Release|Any CPU
		{613257A0-A076-4E96-A7FF-4F7FAB2B972F}.Release|ARM64.Build.0 = Release|Any CPU
		{613257A0-A076-4E96-A7FF-4F7FAB2B972F}.Release|x64.ActiveCfg = Release|x64
		{613257A0-A076-4E96-A7FF-4F7FAB2B972F}.Release|x64.Build.0 = Release|x64
		{613257A0-A076-4E96-A7FF-4F7FAB2B972F}.Release|x86.ActiveCfg = Release|x86
		{613257A0-A076-4E96-A7FF-4F7FAB2B972F}.Release|x86.Build.0 = Release|x86
	EndGlobalSection
	GlobalSection(SolutionProperties) = preSolution
		HideSolutionNode = FALSE
	EndGlobalSection
	GlobalSection(ExtensibilityGlobals) = postSolution
		SolutionGuid = {423D091E-8C46-4DCB-9D3A-AB5B73518984}
	EndGlobalSection
EndGlobal
